
Microsoft Visual Studio Solution File, Format Version 12.00
# Visual Studio Version 16
VisualStudioVersion = 16.0.29411.108
MinimumVisualStudioVersion = 10.0.40219.1
Project("{FAE04EC0-301F-11D3-BF4B-00C04F79EFBC}") = "era_Computacion", "era_Computacion\era_Computacion.csproj", "{5265BC41-D348-4D17-8E9B-08DA840FB16A}"
EndProject
Global
	GlobalSection(SolutionConfigurationPlatforms) = preSolution
		Debug|Any CPU = Debug|Any CPU
		Release|Any CPU = Release|Any CPU
	EndGlobalSection
	GlobalSection(ProjectConfigurationPlatforms) = postSolution
		{5265BC41-D348-4D17-8E9B-08DA840FB16A}.Debug|Any CPU.ActiveCfg = Debug|Any CPU
		{5265BC41-D348-4D17-8E9B-08DA840FB16A}.Debug|Any CPU.Build.0 = Debug|Any CPU
		{5265BC41-D348-4D17-8E9B-08DA840FB16A}.Release|Any CPU.ActiveCfg = Release|Any CPU
		{5265BC41-D348-4D17-8E9B-08DA840FB16A}.Release|Any CPU.Build.0 = Release|Any CPU
	EndGlobalSection
	GlobalSection(SolutionProperties) = preSolution
		HideSolutionNode = FALSE
	EndGlobalSection
	GlobalSection(ExtensibilityGlobals) = postSolution
		SolutionGuid = {C8D65717-1F48-40AB-AA80-38562E3E4DB8}
	EndGlobalSection
EndGlobal
