
Microsoft Visual Studio Solution File, Format Version 12.00
# Visual Studio Version 16
VisualStudioVersion = 16.0.29411.108
MinimumVisualStudioVersion = 10.0.40219.1
Project("{FAE04EC0-301F-11D3-BF4B-00C04F79EFBC}") = "eraComputacion", "eraComputacion\eraComputacion.csproj", "{91BD024F-3E97-40D8-80E9-C53EE727C4B8}"
EndProject
Global
	GlobalSection(SolutionConfigurationPlatforms) = preSolution
		Debug|Any CPU = Debug|Any CPU
		Release|Any CPU = Release|Any CPU
	EndGlobalSection
	GlobalSection(ProjectConfigurationPlatforms) = postSolution
		{91BD024F-3E97-40D8-80E9-C53EE727C4B8}.Debug|Any CPU.ActiveCfg = Debug|Any CPU
		{91BD024F-3E97-40D8-80E9-C53EE727C4B8}.Debug|Any CPU.Build.0 = Debug|Any CPU
		{91BD024F-3E97-40D8-80E9-C53EE727C4B8}.Release|Any CPU.ActiveCfg = Release|Any CPU
		{91BD024F-3E97-40D8-80E9-C53EE727C4B8}.Release|Any CPU.Build.0 = Release|Any CPU
	EndGlobalSection
	GlobalSection(SolutionProperties) = preSolution
		HideSolutionNode = FALSE
	EndGlobalSection
	GlobalSection(ExtensibilityGlobals) = postSolution
		SolutionGuid = {63E6177F-2C92-4E40-A535-86B18405C220}
	EndGlobalSection
EndGlobal
